
Microsoft Visual Studio Solution File, Format Version 12.00
# Visual Studio Version 16
VisualStudioVersion = 16.0.31624.102
MinimumVisualStudioVersion = 10.0.40219.1
Project("{FAE04EC0-301F-11D3-BF4B-00C04F79EFBC}") = "Week6Test.Core", "Week6Test.Core\Week6Test.Core.csproj", "{6DBD1FDF-D484-43FE-92C1-A13AB7240522}"
EndProject
Project("{FAE04EC0-301F-11D3-BF4B-00C04F79EFBC}") = "Week6Test.EF", "Week6Test.EF\Week6Test.EF.csproj", "{681FC617-C522-4BA4-AD8F-0B128BD32834}"
EndProject
Project("{FAE04EC0-301F-11D3-BF4B-00C04F79EFBC}") = "Week6Test.WebAPI", "Week6Test.WebAPI\Week6Test.WebAPI.csproj", "{A9A05003-F224-4DDB-B480-7B6AE3ED1834}"
EndProject
Global
	GlobalSection(SolutionConfigurationPlatforms) = preSolution
		Debug|Any CPU = Debug|Any CPU
		Release|Any CPU = Release|Any CPU
	EndGlobalSection
	GlobalSection(ProjectConfigurationPlatforms) = postSolution
		{6DBD1FDF-D484-43FE-92C1-A13AB7240522}.Debug|Any CPU.ActiveCfg = Debug|Any CPU
		{6DBD1FDF-D484-43FE-92C1-A13AB7240522}.Debug|Any CPU.Build.0 = Debug|Any CPU
		{6DBD1FDF-D484-43FE-92C1-A13AB7240522}.Release|Any CPU.ActiveCfg = Release|Any CPU
		{6DBD1FDF-D484-43FE-92C1-A13AB7240522}.Release|Any CPU.Build.0 = Release|Any CPU
		{681FC617-C522-4BA4-AD8F-0B128BD32834}.Debug|Any CPU.ActiveCfg = Debug|Any CPU
		{681FC617-C522-4BA4-AD8F-0B128BD32834}.Debug|Any CPU.Build.0 = Debug|Any CPU
		{681FC617-C522-4BA4-AD8F-0B128BD32834}.Release|Any CPU.ActiveCfg = Release|Any CPU
		{681FC617-C522-4BA4-AD8F-0B128BD32834}.Release|Any CPU.Build.0 = Release|Any CPU
		{A9A05003-F224-4DDB-B480-7B6AE3ED1834}.Debug|Any CPU.ActiveCfg = Debug|Any CPU
		{A9A05003-F224-4DDB-B480-7B6AE3ED1834}.Debug|Any CPU.Build.0 = Debug|Any CPU
		{A9A05003-F224-4DDB-B480-7B6AE3ED1834}.Release|Any CPU.ActiveCfg = Release|Any CPU
		{A9A05003-F224-4DDB-B480-7B6AE3ED1834}.Release|Any CPU.Build.0 = Release|Any CPU
	EndGlobalSection
	GlobalSection(SolutionProperties) = preSolution
		HideSolutionNode = FALSE
	EndGlobalSection
	GlobalSection(ExtensibilityGlobals) = postSolution
		SolutionGuid = {6DD62399-C982-4806-B34E-D1E139AAE3AD}
	EndGlobalSection
EndGlobal
